
Microsoft Visual Studio Solution File, Format Version 12.00
# Visual Studio Version 17
VisualStudioVersion = 17.0.31903.59
MinimumVisualStudioVersion = 10.0.40219.1
Project("{FAE04EC0-301F-11D3-BF4B-00C04F79EFBC}") = "calculator", "calculator\calculator.csproj", "{50479195-73A5-46D9-A85E-23DD6CCEA52B}"
EndProject
Project("{2150E333-8FDC-42A3-9474-1A3956D46DE8}") = "d:", "d:\\", "{57CEEBA6-3A06-4966-AA8A-57E268F3777B}"
EndProject
Project("{2150E333-8FDC-42A3-9474-1A3956D46DE8}") = "QA", "QA", "{A71E9D2E-1D36-48AD-B2D0-FA0BCDB9234D}"
EndProject
Project("{2150E333-8FDC-42A3-9474-1A3956D46DE8}") = "unit test", "unit test", "{3714D469-D124-4E7F-B674-FFDD51E8F001}"
EndProject
Project("{2150E333-8FDC-42A3-9474-1A3956D46DE8}") = "xunit", "xunit", "{D22859EB-5C6D-440F-AFE5-F640DA3E2026}"
EndProject
Project("{FAE04EC0-301F-11D3-BF4B-00C04F79EFBC}") = "calculator", "d:\QA\unit test\xunit\calculator\calculator.csproj", "{477C6922-DAE2-44CA-91AD-54EF60BFC713}"
EndProject
Project("{2150E333-8FDC-42A3-9474-1A3956D46DE8}") = "d:", "d:\\", "{FCA7B020-F42A-4818-B185-84B3637049D2}"
EndProject
Project("{2150E333-8FDC-42A3-9474-1A3956D46DE8}") = "QA", "QA", "{9499DD2E-2DE7-4E14-9B1D-AE850FE97E8B}"
EndProject
Project("{2150E333-8FDC-42A3-9474-1A3956D46DE8}") = "unit test", "unit test", "{54BFC4E1-536A-4128-9ABF-24EDBC3F4DC1}"
EndProject
Project("{2150E333-8FDC-42A3-9474-1A3956D46DE8}") = "xunit", "xunit", "{7C34611E-2B03-43CE-B75B-C04F3A959993}"
EndProject
Project("{2150E333-8FDC-42A3-9474-1A3956D46DE8}") = "localTest", "localTest", "{44E6D6D6-E74F-4CC0-9F7E-DC8B5C0A9502}"
EndProject
Project("{FAE04EC0-301F-11D3-BF4B-00C04F79EFBC}") = "LocalTest", "d:\QA\unit test\xunit\localTest\LocalTest\LocalTest.csproj", "{68AFA102-456D-456F-9C1F-AE257485927B}"
EndProject
Project("{2150E333-8FDC-42A3-9474-1A3956D46DE8}") = "d:", "d:\", "{24E62D9C-1D23-479B-8101-7D2D2ED1DB54}"
EndProject
Project("{2150E333-8FDC-42A3-9474-1A3956D46DE8}") = "QA", "QA", "{3B50A143-A920-403D-8B85-3CA9EF258DC1}"
EndProject
Project("{2150E333-8FDC-42A3-9474-1A3956D46DE8}") = "unit test", "unit test", "{03F3273F-212F-421E-AAA5-D731DE4055B1}"
EndProject
Project("{2150E333-8FDC-42A3-9474-1A3956D46DE8}") = "xunit", "xunit", "{7ADED5F1-9455-4ECF-9144-DBBA37ECA678}"
EndProject
Project("{FAE04EC0-301F-11D3-BF4B-00C04F79EFBC}") = "localTest", "d:\QA\unit test\xunit\localTest\localTest.csproj", "{2906D7FD-8B08-42EE-B6EB-F0A6B011A8CE}"
EndProject
Global
	GlobalSection(SolutionConfigurationPlatforms) = preSolution
		Debug|Any CPU = Debug|Any CPU
		Release|Any CPU = Release|Any CPU
	EndGlobalSection
	GlobalSection(SolutionProperties) = preSolution
		HideSolutionNode = FALSE
	EndGlobalSection
	GlobalSection(ProjectConfigurationPlatforms) = postSolution
		{50479195-73A5-46D9-A85E-23DD6CCEA52B}.Debug|Any CPU.ActiveCfg = Debug|Any CPU
		{50479195-73A5-46D9-A85E-23DD6CCEA52B}.Debug|Any CPU.Build.0 = Debug|Any CPU
		{50479195-73A5-46D9-A85E-23DD6CCEA52B}.Release|Any CPU.ActiveCfg = Release|Any CPU
		{50479195-73A5-46D9-A85E-23DD6CCEA52B}.Release|Any CPU.Build.0 = Release|Any CPU
		{477C6922-DAE2-44CA-91AD-54EF60BFC713}.Debug|Any CPU.ActiveCfg = Debug|Any CPU
		{477C6922-DAE2-44CA-91AD-54EF60BFC713}.Debug|Any CPU.Build.0 = Debug|Any CPU
		{477C6922-DAE2-44CA-91AD-54EF60BFC713}.Release|Any CPU.ActiveCfg = Release|Any CPU
		{477C6922-DAE2-44CA-91AD-54EF60BFC713}.Release|Any CPU.Build.0 = Release|Any CPU
		{68AFA102-456D-456F-9C1F-AE257485927B}.Debug|Any CPU.ActiveCfg = Debug|Any CPU
		{68AFA102-456D-456F-9C1F-AE257485927B}.Debug|Any CPU.Build.0 = Debug|Any CPU
		{68AFA102-456D-456F-9C1F-AE257485927B}.Release|Any CPU.ActiveCfg = Release|Any CPU
		{68AFA102-456D-456F-9C1F-AE257485927B}.Release|Any CPU.Build.0 = Release|Any CPU
		{2906D7FD-8B08-42EE-B6EB-F0A6B011A8CE}.Debug|Any CPU.ActiveCfg = Debug|Any CPU
		{2906D7FD-8B08-42EE-B6EB-F0A6B011A8CE}.Debug|Any CPU.Build.0 = Debug|Any CPU
		{2906D7FD-8B08-42EE-B6EB-F0A6B011A8CE}.Release|Any CPU.ActiveCfg = Release|Any CPU
		{2906D7FD-8B08-42EE-B6EB-F0A6B011A8CE}.Release|Any CPU.Build.0 = Release|Any CPU
	EndGlobalSection
	GlobalSection(NestedProjects) = preSolution
		{A71E9D2E-1D36-48AD-B2D0-FA0BCDB9234D} = {57CEEBA6-3A06-4966-AA8A-57E268F3777B}
		{3714D469-D124-4E7F-B674-FFDD51E8F001} = {A71E9D2E-1D36-48AD-B2D0-FA0BCDB9234D}
		{D22859EB-5C6D-440F-AFE5-F640DA3E2026} = {3714D469-D124-4E7F-B674-FFDD51E8F001}
		{477C6922-DAE2-44CA-91AD-54EF60BFC713} = {D22859EB-5C6D-440F-AFE5-F640DA3E2026}
		{9499DD2E-2DE7-4E14-9B1D-AE850FE97E8B} = {FCA7B020-F42A-4818-B185-84B3637049D2}
		{54BFC4E1-536A-4128-9ABF-24EDBC3F4DC1} = {9499DD2E-2DE7-4E14-9B1D-AE850FE97E8B}
		{7C34611E-2B03-43CE-B75B-C04F3A959993} = {54BFC4E1-536A-4128-9ABF-24EDBC3F4DC1}
		{44E6D6D6-E74F-4CC0-9F7E-DC8B5C0A9502} = {7C34611E-2B03-43CE-B75B-C04F3A959993}
		{68AFA102-456D-456F-9C1F-AE257485927B} = {44E6D6D6-E74F-4CC0-9F7E-DC8B5C0A9502}
		{3B50A143-A920-403D-8B85-3CA9EF258DC1} = {24E62D9C-1D23-479B-8101-7D2D2ED1DB54}
		{03F3273F-212F-421E-AAA5-D731DE4055B1} = {3B50A143-A920-403D-8B85-3CA9EF258DC1}
		{7ADED5F1-9455-4ECF-9144-DBBA37ECA678} = {03F3273F-212F-421E-AAA5-D731DE4055B1}
		{2906D7FD-8B08-42EE-B6EB-F0A6B011A8CE} = {7ADED5F1-9455-4ECF-9144-DBBA37ECA678}
	EndGlobalSection
EndGlobal
